
Microsoft Visual Studio Solution File, Format Version 12.00
# Visual Studio Version 17
VisualStudioVersion = 17.0.31903.59
MinimumVisualStudioVersion = 10.0.40219.1
Project("{FAE04EC0-301F-11D3-BF4B-00C04F79EFBC}") = "PimCore.AppHost", "PimCore.AppHost\PimCore.AppHost.csproj", "{65059459-11D4-4385-83B2-1D29281C06E0}"
EndProject
Project("{FAE04EC0-301F-11D3-BF4B-00C04F79EFBC}") = "PimCore.ServiceDefaults", "PimCore.ServiceDefaults\PimCore.ServiceDefaults.csproj", "{73B81169-0111-4939-9AFD-E331FBA7DFD0}"
EndProject
Project("{FAE04EC0-301F-11D3-BF4B-00C04F79EFBC}") = "PimCore.ApiService", "PimCore.ApiService\PimCore.ApiService.csproj", "{8229D53A-AD3F-413A-9C43-9655664C7F4D}"
EndProject
Project("{FAE04EC0-301F-11D3-BF4B-00C04F79EFBC}") = "PimCore.Web", "PimCore.Web\PimCore.Web.csproj", "{66DE056C-3033-4BA8-B6F7-51469BFE049D}"
EndProject
Global
	GlobalSection(SolutionConfigurationPlatforms) = preSolution
		Debug|Any CPU = Debug|Any CPU
		Release|Any CPU = Release|Any CPU
	EndGlobalSection
	GlobalSection(SolutionProperties) = preSolution
		HideSolutionNode = FALSE
	EndGlobalSection
	GlobalSection(ProjectConfigurationPlatforms) = postSolution
		{65059459-11D4-4385-83B2-1D29281C06E0}.Debug|Any CPU.ActiveCfg = Debug|Any CPU
		{65059459-11D4-4385-83B2-1D29281C06E0}.Debug|Any CPU.Build.0 = Debug|Any CPU
		{65059459-11D4-4385-83B2-1D29281C06E0}.Release|Any CPU.ActiveCfg = Release|Any CPU
		{65059459-11D4-4385-83B2-1D29281C06E0}.Release|Any CPU.Build.0 = Release|Any CPU
		{73B81169-0111-4939-9AFD-E331FBA7DFD0}.Debug|Any CPU.ActiveCfg = Debug|Any CPU
		{73B81169-0111-4939-9AFD-E331FBA7DFD0}.Debug|Any CPU.Build.0 = Debug|Any CPU
		{73B81169-0111-4939-9AFD-E331FBA7DFD0}.Release|Any CPU.ActiveCfg = Release|Any CPU
		{73B81169-0111-4939-9AFD-E331FBA7DFD0}.Release|Any CPU.Build.0 = Release|Any CPU
		{8229D53A-AD3F-413A-9C43-9655664C7F4D}.Debug|Any CPU.ActiveCfg = Debug|Any CPU
		{8229D53A-AD3F-413A-9C43-9655664C7F4D}.Debug|Any CPU.Build.0 = Debug|Any CPU
		{8229D53A-AD3F-413A-9C43-9655664C7F4D}.Release|Any CPU.ActiveCfg = Release|Any CPU
		{8229D53A-AD3F-413A-9C43-9655664C7F4D}.Release|Any CPU.Build.0 = Release|Any CPU
		{66DE056C-3033-4BA8-B6F7-51469BFE049D}.Debug|Any CPU.ActiveCfg = Debug|Any CPU
		{66DE056C-3033-4BA8-B6F7-51469BFE049D}.Debug|Any CPU.Build.0 = Debug|Any CPU
		{66DE056C-3033-4BA8-B6F7-51469BFE049D}.Release|Any CPU.ActiveCfg = Release|Any CPU
		{66DE056C-3033-4BA8-B6F7-51469BFE049D}.Release|Any CPU.Build.0 = Release|Any CPU
	EndGlobalSection
EndGlobal
